// !$*UTF8*$!
{
	archiveVersion = 1;
	classes = {
	};
	objectVersion = 50;
	objects = {

/* Begin PBXBuildFile section */
		E2224ABD23AA5CD800042C2C /* AppDelegate.swift in Sources */ = {isa = PBXBuildFile; fileRef = E2224ABC23AA5CD800042C2C /* AppDelegate.swift */; };
		E2224ABF23AA5CD800042C2C /* ViewController.swift in Sources */ = {isa = PBXBuildFile; fileRef = E2224ABE23AA5CD800042C2C /* ViewController.swift */; };
		E2224AC223AA5CD800042C2C /* Main.storyboard in Resources */ = {isa = PBXBuildFile; fileRef = E2224AC023AA5CD800042C2C /* Main.storyboard */; };
		E2224AC523AA5CD800042C2C /* DemoOnCore.xcdatamodeld in Sources */ = {isa = PBXBuildFile; fileRef = E2224AC323AA5CD800042C2C /* DemoOnCore.xcdatamodeld */; };
		E2224AC723AA5CDA00042C2C /* Assets.xcassets in Resources */ = {isa = PBXBuildFile; fileRef = E2224AC623AA5CDA00042C2C /* Assets.xcassets */; };
		E2224ACA23AA5CDA00042C2C /* LaunchScreen.storyboard in Resources */ = {isa = PBXBuildFile; fileRef = E2224AC823AA5CDA00042C2C /* LaunchScreen.storyboard */; };
		E2224AD323AA644C00042C2C /* Preson+CoreDataClass.swift in Sources */ = {isa = PBXBuildFile; fileRef = E2224AD123AA644C00042C2C /* Preson+CoreDataClass.swift */; };
		E2224AD423AA644C00042C2C /* Preson+CoreDataProperties.swift in Sources */ = {isa = PBXBuildFile; fileRef = E2224AD223AA644C00042C2C /* Preson+CoreDataProperties.swift */; };
		E2224AD823AA67DA00042C2C /* CoreFuntions.swift in Sources */ = {isa = PBXBuildFile; fileRef = E2224AD723AA67DA00042C2C /* CoreFuntions.swift */; };
/* End PBXBuildFile section */

/* Begin PBXFileReference section */
		E2224AB923AA5CD800042C2C /* DemoOnCore.app */ = {isa = PBXFileReference; explicitFileType = wrapper.application; includeInIndex = 0; path = DemoOnCore.app; sourceTree = BUILT_PRODUCTS_DIR; };
		E2224ABC23AA5CD800042C2C /* AppDelegate.swift */ = {isa = PBXFileReference; lastKnownFileType = sourcecode.swift; path = AppDelegate.swift; sourceTree = "<group>"; };
		E2224ABE23AA5CD800042C2C /* ViewController.swift */ = {isa = PBXFileReference; lastKnownFileType = sourcecode.swift; path = ViewController.swift; sourceTree = "<group>"; };
		E2224AC123AA5CD800042C2C /* Base */ = {isa = PBXFileReference; lastKnownFileType = file.storyboard; name = Base; path = Base.lproj/Main.storyboard; sourceTree = "<group>"; };
		E2224AC423AA5CD800042C2C /* DemoOnCore.xcdatamodel */ = {isa = PBXFileReference; lastKnownFileType = wrapper.xcdatamodel; path = DemoOnCore.xcdatamodel; sourceTree = "<group>"; };
		E2224AC623AA5CDA00042C2C /* Assets.xcassets */ = {isa = PBXFileReference; lastKnownFileType = folder.assetcatalog; path = Assets.xcassets; sourceTree = "<group>"; };
		E2224AC923AA5CDA00042C2C /* Base */ = {isa = PBXFileReference; lastKnownFileType = file.storyboard; name = Base; path = Base.lproj/LaunchScreen.storyboard; sourceTree = "<group>"; };
		E2224ACB23AA5CDA00042C2C /* Info.plist */ = {isa = PBXFileReference; lastKnownFileType = text.plist.xml; path = Info.plist; sourceTree = "<group>"; };
		E2224AD123AA644C00042C2C /* Preson+CoreDataClass.swift */ = {isa = PBXFileReference; lastKnownFileType = sourcecode.swift; path = "Preson+CoreDataClass.swift"; sourceTree = "<group>"; };
		E2224AD223AA644C00042C2C /* Preson+CoreDataProperties.swift */ = {isa = PBXFileReference; lastKnownFileType = sourcecode.swift; path = "Preson+CoreDataProperties.swift"; sourceTree = "<group>"; };
		E2224AD723AA67DA00042C2C /* CoreFuntions.swift */ = {isa = PBXFileReference; fileEncoding = 4; lastKnownFileType = sourcecode.swift; path = CoreFuntions.swift; sourceTree = "<group>"; };
/* End PBXFileReference section */

/* Begin PBXFrameworksBuildPhase section */
		E2224AB623AA5CD800042C2C /* Frameworks */ = {
			isa = PBXFrameworksBuildPhase;
			buildActionMask = 2147483647;
			files = (
			);
			runOnlyForDeploymentPostprocessing = 0;
		};
/* End PBXFrameworksBuildPhase section */

/* Begin PBXGroup section */
		E2224AB023AA5CD800042C2C = {
			isa = PBXGroup;
			children = (
				E2224ABB23AA5CD800042C2C /* DemoOnCore */,
				E2224ABA23AA5CD800042C2C /* Products */,
			);
			sourceTree = "<group>";
		};
		E2224ABA23AA5CD800042C2C /* Products */ = {
			isa = PBXGroup;
			children = (
				E2224AB923AA5CD800042C2C /* DemoOnCore.app */,
			);
			name = Products;
			sourceTree = "<group>";
		};
		E2224ABB23AA5CD800042C2C /* DemoOnCore */ = {
			isa = PBXGroup;
			children = (
				E2224ABC23AA5CD800042C2C /* AppDelegate.swift */,
				E2224ABE23AA5CD800042C2C /* ViewController.swift */,
				E2224AD123AA644C00042C2C /* Preson+CoreDataClass.swift */,
				E2224AD223AA644C00042C2C /* Preson+CoreDataProperties.swift */,
				E2224AD723AA67DA00042C2C /* CoreFuntions.swift */,
				E2224AC023AA5CD800042C2C /* Main.storyboard */,
				E2224AC623AA5CDA00042C2C /* Assets.xcassets */,
				E2224AC823AA5CDA00042C2C /* LaunchScreen.storyboard */,
				E2224ACB23AA5CDA00042C2C /* Info.plist */,
				E2224AC323AA5CD800042C2C /* DemoOnCore.xcdatamodeld */,
			);
			path = DemoOnCore;
			sourceTree = "<group>";
		};
/* End PBXGroup section */

/* Begin PBXNativeTarget section */
		E2224AB823AA5CD800042C2C /* DemoOnCore */ = {
			isa = PBXNativeTarget;
			buildConfigurationList = E2224ACE23AA5CDA00042C2C /* Build configuration list for PBXNativeTarget "DemoOnCore" */;
			buildPhases = (
				E2224AB523AA5CD800042C2C /* Sources */,
				E2224AB623AA5CD800042C2C /* Frameworks */,
				E2224AB723AA5CD800042C2C /* Resources */,
			);
			buildRules = (
			);
			dependencies = (
			);
			name = DemoOnCore;
			productName = DemoOnCore;
			productReference = E2224AB923AA5CD800042C2C /* DemoOnCore.app */;
			productType = "com.apple.product-type.application";
		};
/* End PBXNativeTarget section */

/* Begin PBXProject section */
		E2224AB123AA5CD800042C2C /* Project object */ = {
			isa = PBXProject;
			attributes = {
				LastSwiftUpdateCheck = 1030;
				LastUpgradeCheck = 1030;
				ORGANIZATIONNAME = "Mohamed Elshaer";
				TargetAttributes = {
					E2224AB823AA5CD800042C2C = {
						CreatedOnToolsVersion = 10.3;
					};
				};
			};
			buildConfigurationList = E2224AB423AA5CD800042C2C /* Build configuration list for PBXProject "DemoOnCore" */;
			compatibilityVersion = "Xcode 9.3";
			developmentRegion = en;
			hasScannedForEncodings = 0;
			knownRegions = (
				en,
				Base,
			);
			mainGroup = E2224AB023AA5CD800042C2C;
			productRefGroup = E2224ABA23AA5CD800042C2C /* Products */;
			projectDirPath = "";
			projectRoot = "";
			targets = (
				E2224AB823AA5CD800042C2C /* DemoOnCore */,
			);
		};
/* End PBXProject section */

/* Begin PBXResourcesBuildPhase section */
		E2224AB723AA5CD800042C2C /* Resources */ = {
			isa = PBXResourcesBuildPhase;
			buildActionMask = 2147483647;
			files = (
				E2224ACA23AA5CDA00042C2C /* LaunchScreen.storyboard in Resources */,
				E2224AC723AA5CDA00042C2C /* Assets.xcassets in Resources */,
				E2224AC223AA5CD800042C2C /* Main.storyboard in Resources */,
			);
			runOnlyForDeploymentPostprocessing = 0;
		};
/* End PBXResourcesBuildPhase section */

/* Begin PBXSourcesBuildPhase section */
		E2224AB523AA5CD800042C2C /* Sources */ = {
			isa = PBXSourcesBuildPhase;
			buildActionMask = 2147483647;
			files = (
				E2224AD323AA644C00042C2C /* Preson+CoreDataClass.swift in Sources */,
				E2224AC523AA5CD800042C2C /* DemoOnCore.xcdatamodeld in Sources */,
				E2224AD823AA67DA00042C2C /* CoreFuntions.swift in Sources */,
				E2224ABF23AA5CD800042C2C /* ViewController.swift in Sources */,
				E2224AD423AA644C00042C2C /* Preson+CoreDataProperties.swift in Sources */,
				E2224ABD23AA5CD800042C2C /* AppDelegate.swift in Sources */,
			);
			runOnlyForDeploymentPostprocessing = 0;
		};
/* End PBXSourcesBuildPhase section */

/* Begin PBXVariantGroup section */
		E2224AC023AA5CD800042C2C /* Main.storyboard */ = {
			isa = PBXVariantGroup;
			children = (
				E2224AC123AA5CD800042C2C /* Base */,
			);
			name = Main.storyboard;
			sourceTree = "<group>";
		};
		E2224AC823AA5CDA00042C2C /* LaunchScreen.storyboard */ = {
			isa = PBXVariantGroup;
			children = (
				E2224AC923AA5CDA00042C2C /* Base */,
			);
			name = LaunchScreen.storyboard;
			sourceTree = "<group>";
		};
/* End PBXVariantGroup section */

/* Begin XCBuildConfiguration section */
		E2224ACC23AA5CDA00042C2C /* Debug */ = {
			isa = XCBuildConfiguration;
			buildSettings = {
				ALWAYS_SEARCH_USER_PATHS = NO;
				CLANG_ANALYZER_NONNULL = YES;
				CLANG_ANALYZER_NUMBER_OBJECT_CONVERSION = YES_AGGRESSIVE;
				CLANG_CXX_LANGUAGE_STANDARD = "gnu++14";
				CLANG_CXX_LIBRARY = "libc++";
				CLANG_ENABLE_MODULES = YES;
				CLANG_ENABLE_OBJC_ARC = YES;
				CLANG_ENABLE_OBJC_WEAK = YES;
				CLANG_WARN_BLOCK_CAPTURE_AUTORELEASING = YES;
				CLANG_WARN_BOOL_CONVERSION = YES;
				CLANG_WARN_COMMA = YES;
				CLANG_WARN_CONSTANT_CONVERSION = YES;
				CLANG_WARN_DEPRECATED_OBJC_IMPLEMENTATIONS = YES;
				CLANG_WARN_DIRECT_OBJC_ISA_USAGE = YES_ERROR;
				CLANG_WARN_DOCUMENTATION_COMMENTS = YES;
				CLANG_WARN_EMPTY_BODY = YES;
				CLANG_WARN_ENUM_CONVERSION = YES;
				CLANG_WARN_INFINITE_RECURSION = YES;
				CLANG_WARN_INT_CONVERSION = YES;
				CLANG_WARN_NON_LITERAL_NULL_CONVERSION = YES;
				CLANG_WARN_OBJC_IMPLICIT_RETAIN_SELF = YES;
				CLANG_WARN_OBJC_LITERAL_CONVERSION = YES;
				CLANG_WARN_OBJC_ROOT_CLASS = YES_ERROR;
				CLANG_WARN_RANGE_LOOP_ANALYSIS = YES;
				CLANG_WARN_STRICT_PROTOTYPES = YES;
				CLANG_WARN_SUSPICIOUS_MOVE = YES;
				CLANG_WARN_UNGUARDED_AVAILABILITY = YES_AGGRESSIVE;
				CLANG_WARN_UNREACHABLE_CODE = YES;
				CLANG_WARN__DUPLICATE_METHOD_MATCH = YES;
				CODE_SIGN_IDENTITY = "iPhone Developer";
				COPY_PHASE_STRIP = NO;
				DEBUG_INFORMATION_FORMAT = dwarf;
				ENABLE_STRICT_OBJC_MSGSEND = YES;
				ENABLE_TESTABILITY = YES;
				GCC_C_LANGUAGE_STANDARD = gnu11;
				GCC_DYNAMIC_NO_PIC = NO;
				GCC_NO_COMMON_BLOCKS = YES;
				GCC_OPTIMIZATION_LEVEL = 0;
				GCC_PREPROCESSOR_DEFINITIONS = (
					"DEBUG=1",
					"$(inherited)",
				);
				GCC_WARN_64_TO_32_BIT_CONVERSION = YES;
				GCC_WARN_ABOUT_RETURN_TYPE = YES_ERROR;
				GCC_WARN_UNDECLARED_SELECTOR = YES;
				GCC_WARN_UNINITIALIZED_AUTOS = YES_AGGRESSIVE;
				GCC_WARN_UNUSED_FUNCTION = YES;
				GCC_WARN_UNUSED_VARIABLE = YES;
				IPHONEOS_DEPLOYMENT_TARGET = 12.4;
				MTL_ENABLE_DEBUG_INFO = INCLUDE_SOURCE;
				MTL_FAST_MATH = YES;
				ONLY_ACTIVE_ARCH = YES;
				SDKROOT = iphoneos;
				SWIFT_ACTIVE_COMPILATION_CONDITIONS = DEBUG;
				SWIFT_OPTIMIZATION_LEVEL = "-Onone";
			};
			name = Debug;
		};
		E2224ACD23AA5CDA00042C2C /* Release */ = {
			isa = XCBuildConfiguration;
			buildSettings = {
				ALWAYS_SEARCH_USER_PATHS = NO;
				CLANG_ANALYZER_NONNULL = YES;
				CLANG_ANALYZER_NUMBER_OBJECT_CONVERSION = YES_AGGRESSIVE;
				CLANG_CXX_LANGUAGE_STANDARD = "gnu++14";
				CLANG_CXX_LIBRARY = "libc++";
				CLANG_ENABLE_MODULES = YES;
				CLANG_ENABLE_OBJC_ARC = YES;
				CLANG_ENABLE_OBJC_WEAK = YES;
				CLANG_WARN_BLOCK_CAPTURE_AUTORELEASING = YES;
				CLANG_WARN_BOOL_CONVERSION = YES;
				CLANG_WARN_COMMA = YES;
				CLANG_WARN_CONSTANT_CONVERSION = YES;
				CLANG_WARN_DEPRECATED_OBJC_IMPLEMENTATIONS = YES;
				CLANG_WARN_DIRECT_OBJC_ISA_USAGE = YES_ERROR;
				CLANG_WARN_DOCUMENTATION_COMMENTS = YES;
				CLANG_WARN_EMPTY_BODY = YES;
				CLANG_WARN_ENUM_CONVERSION = YES;
				CLANG_WARN_INFINITE_RECURSION = YES;
				CLANG_WARN_INT_CONVERSION = YES;
				CLANG_WARN_NON_LITERAL_NULL_CONVERSION = YES;
				CLANG_WARN_OBJC_IMPLICIT_RETAIN_SELF = YES;
				CLANG_WARN_OBJC_LITERAL_CONVERSION = YES;
				CLANG_WARN_OBJC_ROOT_CLASS = YES_ERROR;
				CLANG_WARN_RANGE_LOOP_ANALYSIS = YES;
				CLANG_WARN_STRICT_PROTOTYPES = YES;
				CLANG_WARN_SUSPICIOUS_MOVE = YES;
				CLANG_WARN_UNGUARDED_AVAILABILITY = YES_AGGRESSIVE;
				CLANG_WARN_UNREACHABLE_CODE = YES;
				CLANG_WARN__DUPLICATE_METHOD_MATCH = YES;
				CODE_SIGN_IDENTITY = "iPhone Developer";
				COPY_PHASE_STRIP = NO;
				DEBUG_INFORMATION_FORMAT = "dwarf-with-dsym";
				ENABLE_NS_ASSERTIONS = NO;
				ENABLE_STRICT_OBJC_MSGSEND = YES;
				GCC_C_LANGUAGE_STANDARD = gnu11;
				GCC_NO_COMMON_BLOCKS = YES;
				GCC_WARN_64_TO_32_BIT_CONVERSION = YES;
				GCC_WARN_ABOUT_RETURN_TYPE = YES_ERROR;
				GCC_WARN_UNDECLARED_SELECTOR = YES;
				GCC_WARN_UNINITIALIZED_AUTOS = YES_AGGRESSIVE;
				GCC_WARN_UNUSED_FUNCTION = YES;
				GCC_WARN_UNUSED_VARIABLE = YES;
				IPHONEOS_DEPLOYMENT_TARGET = 12.4;
				MTL_ENABLE_DEBUG_INFO = NO;
				MTL_FAST_MATH = YES;
				SDKROOT = iphoneos;
				SWIFT_COMPILATION_MODE = wholemodule;
				SWIFT_OPTIMIZATION_LEVEL = "-O";
				VALIDATE_PRODUCT = YES;
			};
			name = Release;
		};
		E2224ACF23AA5CDA00042C2C /* Debug */ = {
			isa = XCBuildConfiguration;
			buildSettings = {
				ASSETCATALOG_COMPILER_APPICON_NAME = AppIcon;
				CODE_SIGN_STYLE = Automatic;
				DEVELOPMENT_TEAM = D8KGAL2H5J;
				INFOPLIST_FILE = DemoOnCore/Info.plist;
				LD_RUNPATH_SEARCH_PATHS = (
					"$(inherited)",
					"@executable_path/Frameworks",
				);
				PRODUCT_BUNDLE_IDENTIFIER = M.Elshaer.DemoOnCore;
				PRODUCT_NAME = "$(TARGET_NAME)";
				SWIFT_VERSION = 5.0;
				TARGETED_DEVICE_FAMILY = "1,2";
			};
			name = Debug;
		};
		E2224AD023AA5CDA00042C2C /* Release */ = {
			isa = XCBuildConfiguration;
			buildSettings = {
				ASSETCATALOG_COMPILER_APPICON_NAME = AppIcon;
				CODE_SIGN_STYLE = Automatic;
				DEVELOPMENT_TEAM = D8KGAL2H5J;
				INFOPLIST_FILE = DemoOnCore/Info.plist;
				LD_RUNPATH_SEARCH_PATHS = (
					"$(inherited)",
					"@executable_path/Frameworks",
				);
				PRODUCT_BUNDLE_IDENTIFIER = M.Elshaer.DemoOnCore;
				PRODUCT_NAME = "$(TARGET_NAME)";
				SWIFT_VERSION = 5.0;
				TARGETED_DEVICE_FAMILY = "1,2";
			};
			name = Release;
		};
/* End XCBuildConfiguration section */

/* Begin XCConfigurationList section */
		E2224AB423AA5CD800042C2C /* Build configuration list for PBXProject "DemoOnCore" */ = {
			isa = XCConfigurationList;
			buildConfigurations = (
				E2224ACC23AA5CDA00042C2C /* Debug */,
				E2224ACD23AA5CDA00042C2C /* Release */,
			);
			defaultConfigurationIsVisible = 0;
			defaultConfigurationName = Release;
		};
		E2224ACE23AA5CDA00042C2C /* Build configuration list for PBXNativeTarget "DemoOnCore" */ = {
			isa = XCConfigurationList;
			buildConfigurations = (
				E2224ACF23AA5CDA00042C2C /* Debug */,
				E2224AD023AA5CDA00042C2C /* Release */,
			);
			defaultConfigurationIsVisible = 0;
			defaultConfigurationName = Release;
		};
/* End XCConfigurationList section */

/* Begin XCVersionGroup section */
		E2224AC323AA5CD800042C2C /* DemoOnCore.xcdatamodeld */ = {
			isa = XCVersionGroup;
			children = (
				E2224AC423AA5CD800042C2C /* DemoOnCore.xcdatamodel */,
			);
			currentVersion = E2224AC423AA5CD800042C2C /* DemoOnCore.xcdatamodel */;
			path = DemoOnCore.xcdatamodeld;
			sourceTree = "<group>";
			versionGroupType = wrapper.xcdatamodel;
		};
/* End XCVersionGroup section */
	};
	rootObject = E2224AB123AA5CD800042C2C /* Project object */;
}
