// !$*UTF8*$!
{
	archiveVersion = 1;
	classes = {
	};
	objectVersion = 50;
	objects = {

/* Begin PBXBuildFile section */
		64446614224B9F0600B297B1 /* AppDelegate.swift in Sources */ = {isa = PBXBuildFile; fileRef = 64446613224B9F0600B297B1 /* AppDelegate.swift */; };
		64446616224B9F0600B297B1 /* ViewController.swift in Sources */ = {isa = PBXBuildFile; fileRef = 64446615224B9F0600B297B1 /* ViewController.swift */; };
		64446619224B9F0600B297B1 /* Main.storyboard in Resources */ = {isa = PBXBuildFile; fileRef = 64446617224B9F0600B297B1 /* Main.storyboard */; };
		6444661B224B9F0900B297B1 /* Assets.xcassets in Resources */ = {isa = PBXBuildFile; fileRef = 6444661A224B9F0900B297B1 /* Assets.xcassets */; };
		6444661E224B9F0900B297B1 /* LaunchScreen.storyboard in Resources */ = {isa = PBXBuildFile; fileRef = 6444661C224B9F0900B297B1 /* LaunchScreen.storyboard */; };
		64446626224BA3BB00B297B1 /* newView.xib in Resources */ = {isa = PBXBuildFile; fileRef = 64446625224BA3BB00B297B1 /* newView.xib */; };
		64446628224BA4C300B297B1 /* newView.swift in Sources */ = {isa = PBXBuildFile; fileRef = 64446627224BA4C300B297B1 /* newView.swift */; };
/* End PBXBuildFile section */

/* Begin PBXFileReference section */
		64446610224B9F0600B297B1 /* XIB View.app */ = {isa = PBXFileReference; explicitFileType = wrapper.application; includeInIndex = 0; path = "XIB View.app"; sourceTree = BUILT_PRODUCTS_DIR; };
		64446613224B9F0600B297B1 /* AppDelegate.swift */ = {isa = PBXFileReference; lastKnownFileType = sourcecode.swift; path = AppDelegate.swift; sourceTree = "<group>"; };
		64446615224B9F0600B297B1 /* ViewController.swift */ = {isa = PBXFileReference; lastKnownFileType = sourcecode.swift; path = ViewController.swift; sourceTree = "<group>"; };
		64446618224B9F0600B297B1 /* Base */ = {isa = PBXFileReference; lastKnownFileType = file.storyboard; name = Base; path = Base.lproj/Main.storyboard; sourceTree = "<group>"; };
		6444661A224B9F0900B297B1 /* Assets.xcassets */ = {isa = PBXFileReference; lastKnownFileType = folder.assetcatalog; path = Assets.xcassets; sourceTree = "<group>"; };
		6444661D224B9F0900B297B1 /* Base */ = {isa = PBXFileReference; lastKnownFileType = file.storyboard; name = Base; path = Base.lproj/LaunchScreen.storyboard; sourceTree = "<group>"; };
		6444661F224B9F0900B297B1 /* Info.plist */ = {isa = PBXFileReference; lastKnownFileType = text.plist.xml; path = Info.plist; sourceTree = "<group>"; };
		64446625224BA3BB00B297B1 /* newView.xib */ = {isa = PBXFileReference; lastKnownFileType = file.xib; path = newView.xib; sourceTree = "<group>"; };
		64446627224BA4C300B297B1 /* newView.swift */ = {isa = PBXFileReference; lastKnownFileType = sourcecode.swift; path = newView.swift; sourceTree = "<group>"; };
/* End PBXFileReference section */

/* Begin PBXFrameworksBuildPhase section */
		6444660D224B9F0600B297B1 /* Frameworks */ = {
			isa = PBXFrameworksBuildPhase;
			buildActionMask = 2147483647;
			files = (
			);
			runOnlyForDeploymentPostprocessing = 0;
		};
/* End PBXFrameworksBuildPhase section */

/* Begin PBXGroup section */
		64446607224B9F0600B297B1 = {
			isa = PBXGroup;
			children = (
				64446612224B9F0600B297B1 /* XIB View */,
				64446611224B9F0600B297B1 /* Products */,
			);
			sourceTree = "<group>";
		};
		64446611224B9F0600B297B1 /* Products */ = {
			isa = PBXGroup;
			children = (
				64446610224B9F0600B297B1 /* XIB View.app */,
			);
			name = Products;
			sourceTree = "<group>";
		};
		64446612224B9F0600B297B1 /* XIB View */ = {
			isa = PBXGroup;
			children = (
				64446613224B9F0600B297B1 /* AppDelegate.swift */,
				64446615224B9F0600B297B1 /* ViewController.swift */,
				64446617224B9F0600B297B1 /* Main.storyboard */,
				64446625224BA3BB00B297B1 /* newView.xib */,
				64446627224BA4C300B297B1 /* newView.swift */,
				6444661A224B9F0900B297B1 /* Assets.xcassets */,
				6444661C224B9F0900B297B1 /* LaunchScreen.storyboard */,
				6444661F224B9F0900B297B1 /* Info.plist */,
			);
			path = "XIB View";
			sourceTree = "<group>";
		};
/* End PBXGroup section */

/* Begin PBXNativeTarget section */
		6444660F224B9F0600B297B1 /* XIB View */ = {
			isa = PBXNativeTarget;
			buildConfigurationList = 64446622224B9F0900B297B1 /* Build configuration list for PBXNativeTarget "XIB View" */;
			buildPhases = (
				6444660C224B9F0600B297B1 /* Sources */,
				6444660D224B9F0600B297B1 /* Frameworks */,
				6444660E224B9F0600B297B1 /* Resources */,
			);
			buildRules = (
			);
			dependencies = (
			);
			name = "XIB View";
			productName = "XIB View";
			productReference = 64446610224B9F0600B297B1 /* XIB View.app */;
			productType = "com.apple.product-type.application";
		};
/* End PBXNativeTarget section */

/* Begin PBXProject section */
		64446608224B9F0600B297B1 /* Project object */ = {
			isa = PBXProject;
			attributes = {
				LastSwiftUpdateCheck = 1010;
				LastUpgradeCheck = 1010;
				ORGANIZATIONNAME = "Mohamed Elshaer";
				TargetAttributes = {
					6444660F224B9F0600B297B1 = {
						CreatedOnToolsVersion = 10.1;
					};
				};
			};
			buildConfigurationList = 6444660B224B9F0600B297B1 /* Build configuration list for PBXProject "XIB View" */;
			compatibilityVersion = "Xcode 9.3";
			developmentRegion = en;
			hasScannedForEncodings = 0;
			knownRegions = (
				en,
				Base,
			);
			mainGroup = 64446607224B9F0600B297B1;
			productRefGroup = 64446611224B9F0600B297B1 /* Products */;
			projectDirPath = "";
			projectRoot = "";
			targets = (
				6444660F224B9F0600B297B1 /* XIB View */,
			);
		};
/* End PBXProject section */

/* Begin PBXResourcesBuildPhase section */
		6444660E224B9F0600B297B1 /* Resources */ = {
			isa = PBXResourcesBuildPhase;
			buildActionMask = 2147483647;
			files = (
				6444661E224B9F0900B297B1 /* LaunchScreen.storyboard in Resources */,
				64446626224BA3BB00B297B1 /* newView.xib in Resources */,
				6444661B224B9F0900B297B1 /* Assets.xcassets in Resources */,
				64446619224B9F0600B297B1 /* Main.storyboard in Resources */,
			);
			runOnlyForDeploymentPostprocessing = 0;
		};
/* End PBXResourcesBuildPhase section */

/* Begin PBXSourcesBuildPhase section */
		6444660C224B9F0600B297B1 /* Sources */ = {
			isa = PBXSourcesBuildPhase;
			buildActionMask = 2147483647;
			files = (
				64446616224B9F0600B297B1 /* ViewController.swift in Sources */,
				64446628224BA4C300B297B1 /* newView.swift in Sources */,
				64446614224B9F0600B297B1 /* AppDelegate.swift in Sources */,
			);
			runOnlyForDeploymentPostprocessing = 0;
		};
/* End PBXSourcesBuildPhase section */

/* Begin PBXVariantGroup section */
		64446617224B9F0600B297B1 /* Main.storyboard */ = {
			isa = PBXVariantGroup;
			children = (
				64446618224B9F0600B297B1 /* Base */,
			);
			name = Main.storyboard;
			sourceTree = "<group>";
		};
		6444661C224B9F0900B297B1 /* LaunchScreen.storyboard */ = {
			isa = PBXVariantGroup;
			children = (
				6444661D224B9F0900B297B1 /* Base */,
			);
			name = LaunchScreen.storyboard;
			sourceTree = "<group>";
		};
/* End PBXVariantGroup section */

/* Begin XCBuildConfiguration section */
		64446620224B9F0900B297B1 /* Debug */ = {
			isa = XCBuildConfiguration;
			buildSettings = {
				ALWAYS_SEARCH_USER_PATHS = NO;
				CLANG_ANALYZER_NONNULL = YES;
				CLANG_ANALYZER_NUMBER_OBJECT_CONVERSION = YES_AGGRESSIVE;
				CLANG_CXX_LANGUAGE_STANDARD = "gnu++14";
				CLANG_CXX_LIBRARY = "libc++";
				CLANG_ENABLE_MODULES = YES;
				CLANG_ENABLE_OBJC_ARC = YES;
				CLANG_ENABLE_OBJC_WEAK = YES;
				CLANG_WARN_BLOCK_CAPTURE_AUTORELEASING = YES;
				CLANG_WARN_BOOL_CONVERSION = YES;
				CLANG_WARN_COMMA = YES;
				CLANG_WARN_CONSTANT_CONVERSION = YES;
				CLANG_WARN_DEPRECATED_OBJC_IMPLEMENTATIONS = YES;
				CLANG_WARN_DIRECT_OBJC_ISA_USAGE = YES_ERROR;
				CLANG_WARN_DOCUMENTATION_COMMENTS = YES;
				CLANG_WARN_EMPTY_BODY = YES;
				CLANG_WARN_ENUM_CONVERSION = YES;
				CLANG_WARN_INFINITE_RECURSION = YES;
				CLANG_WARN_INT_CONVERSION = YES;
				CLANG_WARN_NON_LITERAL_NULL_CONVERSION = YES;
				CLANG_WARN_OBJC_IMPLICIT_RETAIN_SELF = YES;
				CLANG_WARN_OBJC_LITERAL_CONVERSION = YES;
				CLANG_WARN_OBJC_ROOT_CLASS = YES_ERROR;
				CLANG_WARN_RANGE_LOOP_ANALYSIS = YES;
				CLANG_WARN_STRICT_PROTOTYPES = YES;
				CLANG_WARN_SUSPICIOUS_MOVE = YES;
				CLANG_WARN_UNGUARDED_AVAILABILITY = YES_AGGRESSIVE;
				CLANG_WARN_UNREACHABLE_CODE = YES;
				CLANG_WARN__DUPLICATE_METHOD_MATCH = YES;
				CODE_SIGN_IDENTITY = "iPhone Developer";
				COPY_PHASE_STRIP = NO;
				DEBUG_INFORMATION_FORMAT = dwarf;
				ENABLE_STRICT_OBJC_MSGSEND = YES;
				ENABLE_TESTABILITY = YES;
				GCC_C_LANGUAGE_STANDARD = gnu11;
				GCC_DYNAMIC_NO_PIC = NO;
				GCC_NO_COMMON_BLOCKS = YES;
				GCC_OPTIMIZATION_LEVEL = 0;
				GCC_PREPROCESSOR_DEFINITIONS = (
					"DEBUG=1",
					"$(inherited)",
				);
				GCC_WARN_64_TO_32_BIT_CONVERSION = YES;
				GCC_WARN_ABOUT_RETURN_TYPE = YES_ERROR;
				GCC_WARN_UNDECLARED_SELECTOR = YES;
				GCC_WARN_UNINITIALIZED_AUTOS = YES_AGGRESSIVE;
				GCC_WARN_UNUSED_FUNCTION = YES;
				GCC_WARN_UNUSED_VARIABLE = YES;
				IPHONEOS_DEPLOYMENT_TARGET = 12.1;
				MTL_ENABLE_DEBUG_INFO = INCLUDE_SOURCE;
				MTL_FAST_MATH = YES;
				ONLY_ACTIVE_ARCH = YES;
				SDKROOT = iphoneos;
				SWIFT_ACTIVE_COMPILATION_CONDITIONS = DEBUG;
				SWIFT_OPTIMIZATION_LEVEL = "-Onone";
			};
			name = Debug;
		};
		64446621224B9F0900B297B1 /* Release */ = {
			isa = XCBuildConfiguration;
			buildSettings = {
				ALWAYS_SEARCH_USER_PATHS = NO;
				CLANG_ANALYZER_NONNULL = YES;
				CLANG_ANALYZER_NUMBER_OBJECT_CONVERSION = YES_AGGRESSIVE;
				CLANG_CXX_LANGUAGE_STANDARD = "gnu++14";
				CLANG_CXX_LIBRARY = "libc++";
				CLANG_ENABLE_MODULES = YES;
				CLANG_ENABLE_OBJC_ARC = YES;
				CLANG_ENABLE_OBJC_WEAK = YES;
				CLANG_WARN_BLOCK_CAPTURE_AUTORELEASING = YES;
				CLANG_WARN_BOOL_CONVERSION = YES;
				CLANG_WARN_COMMA = YES;
				CLANG_WARN_CONSTANT_CONVERSION = YES;
				CLANG_WARN_DEPRECATED_OBJC_IMPLEMENTATIONS = YES;
				CLANG_WARN_DIRECT_OBJC_ISA_USAGE = YES_ERROR;
				CLANG_WARN_DOCUMENTATION_COMMENTS = YES;
				CLANG_WARN_EMPTY_BODY = YES;
				CLANG_WARN_ENUM_CONVERSION = YES;
				CLANG_WARN_INFINITE_RECURSION = YES;
				CLANG_WARN_INT_CONVERSION = YES;
				CLANG_WARN_NON_LITERAL_NULL_CONVERSION = YES;
				CLANG_WARN_OBJC_IMPLICIT_RETAIN_SELF = YES;
				CLANG_WARN_OBJC_LITERAL_CONVERSION = YES;
				CLANG_WARN_OBJC_ROOT_CLASS = YES_ERROR;
				CLANG_WARN_RANGE_LOOP_ANALYSIS = YES;
				CLANG_WARN_STRICT_PROTOTYPES = YES;
				CLANG_WARN_SUSPICIOUS_MOVE = YES;
				CLANG_WARN_UNGUARDED_AVAILABILITY = YES_AGGRESSIVE;
				CLANG_WARN_UNREACHABLE_CODE = YES;
				CLANG_WARN__DUPLICATE_METHOD_MATCH = YES;
				CODE_SIGN_IDENTITY = "iPhone Developer";
				COPY_PHASE_STRIP = NO;
				DEBUG_INFORMATION_FORMAT = "dwarf-with-dsym";
				ENABLE_NS_ASSERTIONS = NO;
				ENABLE_STRICT_OBJC_MSGSEND = YES;
				GCC_C_LANGUAGE_STANDARD = gnu11;
				GCC_NO_COMMON_BLOCKS = YES;
				GCC_WARN_64_TO_32_BIT_CONVERSION = YES;
				GCC_WARN_ABOUT_RETURN_TYPE = YES_ERROR;
				GCC_WARN_UNDECLARED_SELECTOR = YES;
				GCC_WARN_UNINITIALIZED_AUTOS = YES_AGGRESSIVE;
				GCC_WARN_UNUSED_FUNCTION = YES;
				GCC_WARN_UNUSED_VARIABLE = YES;
				IPHONEOS_DEPLOYMENT_TARGET = 12.1;
				MTL_ENABLE_DEBUG_INFO = NO;
				MTL_FAST_MATH = YES;
				SDKROOT = iphoneos;
				SWIFT_COMPILATION_MODE = wholemodule;
				SWIFT_OPTIMIZATION_LEVEL = "-O";
				VALIDATE_PRODUCT = YES;
			};
			name = Release;
		};
		64446623224B9F0900B297B1 /* Debug */ = {
			isa = XCBuildConfiguration;
			buildSettings = {
				ASSETCATALOG_COMPILER_APPICON_NAME = AppIcon;
				CODE_SIGN_STYLE = Automatic;
				DEVELOPMENT_TEAM = D8KGAL2H5J;
				INFOPLIST_FILE = "XIB View/Info.plist";
				LD_RUNPATH_SEARCH_PATHS = (
					"$(inherited)",
					"@executable_path/Frameworks",
				);
				PRODUCT_BUNDLE_IDENTIFIER = "com.M.Elshaer.XIB-View";
				PRODUCT_NAME = "$(TARGET_NAME)";
				SWIFT_VERSION = 4.2;
				TARGETED_DEVICE_FAMILY = "1,2";
			};
			name = Debug;
		};
		64446624224B9F0900B297B1 /* Release */ = {
			isa = XCBuildConfiguration;
			buildSettings = {
				ASSETCATALOG_COMPILER_APPICON_NAME = AppIcon;
				CODE_SIGN_STYLE = Automatic;
				DEVELOPMENT_TEAM = D8KGAL2H5J;
				INFOPLIST_FILE = "XIB View/Info.plist";
				LD_RUNPATH_SEARCH_PATHS = (
					"$(inherited)",
					"@executable_path/Frameworks",
				);
				PRODUCT_BUNDLE_IDENTIFIER = "com.M.Elshaer.XIB-View";
				PRODUCT_NAME = "$(TARGET_NAME)";
				SWIFT_VERSION = 4.2;
				TARGETED_DEVICE_FAMILY = "1,2";
			};
			name = Release;
		};
/* End XCBuildConfiguration section */

/* Begin XCConfigurationList section */
		6444660B224B9F0600B297B1 /* Build configuration list for PBXProject "XIB View" */ = {
			isa = XCConfigurationList;
			buildConfigurations = (
				64446620224B9F0900B297B1 /* Debug */,
				64446621224B9F0900B297B1 /* Release */,
			);
			defaultConfigurationIsVisible = 0;
			defaultConfigurationName = Release;
		};
		64446622224B9F0900B297B1 /* Build configuration list for PBXNativeTarget "XIB View" */ = {
			isa = XCConfigurationList;
			buildConfigurations = (
				64446623224B9F0900B297B1 /* Debug */,
				64446624224B9F0900B297B1 /* Release */,
			);
			defaultConfigurationIsVisible = 0;
			defaultConfigurationName = Release;
		};
/* End XCConfigurationList section */
	};
	rootObject = 64446608224B9F0600B297B1 /* Project object */;
}
